
Microsoft Visual Studio Solution File, Format Version 12.00
# Visual Studio Version 16
VisualStudioVersion = 16.0.29920.165
MinimumVisualStudioVersion = 10.0.40219.1
Project("{FAE04EC0-301F-11D3-BF4B-00C04F79EFBC}") = "Test-Mandys-IT3", "Test-Mandys-IT3\Test-Mandys-IT3.csproj", "{9441D167-BFA3-4779-95B4-C855722DD75B}"
EndProject
Global
	GlobalSection(SolutionConfigurationPlatforms) = preSolution
		Debug|Any CPU = Debug|Any CPU
		Release|Any CPU = Release|Any CPU
	EndGlobalSection
	GlobalSection(ProjectConfigurationPlatforms) = postSolution
		{9441D167-BFA3-4779-95B4-C855722DD75B}.Debug|Any CPU.ActiveCfg = Debug|Any CPU
		{9441D167-BFA3-4779-95B4-C855722DD75B}.Debug|Any CPU.Build.0 = Debug|Any CPU
		{9441D167-BFA3-4779-95B4-C855722DD75B}.Release|Any CPU.ActiveCfg = Release|Any CPU
		{9441D167-BFA3-4779-95B4-C855722DD75B}.Release|Any CPU.Build.0 = Release|Any CPU
	EndGlobalSection
	GlobalSection(SolutionProperties) = preSolution
		HideSolutionNode = FALSE
	EndGlobalSection
	GlobalSection(ExtensibilityGlobals) = postSolution
		SolutionGuid = {ED084E82-44F3-43EF-927F-2215A699F193}
	EndGlobalSection
EndGlobal
